
Microsoft Visual Studio Solution File, Format Version 12.00
# Visual Studio Version 16
VisualStudioVersion = 16.0.31702.278
MinimumVisualStudioVersion = 10.0.40219.1
Project("{FAE04EC0-301F-11D3-BF4B-00C04F79EFBC}") = "WindowsFormsApp3", "WindowsFormsApp3\WindowsFormsApp3.csproj", "{14490CC6-1B8C-400B-8F71-6AA16D0C7FDC}"
EndProject
Global
	GlobalSection(SolutionConfigurationPlatforms) = preSolution
		Debug|Any CPU = Debug|Any CPU
		Release|Any CPU = Release|Any CPU
	EndGlobalSection
	GlobalSection(ProjectConfigurationPlatforms) = postSolution
		{14490CC6-1B8C-400B-8F71-6AA16D0C7FDC}.Debug|Any CPU.ActiveCfg = Debug|Any CPU
		{14490CC6-1B8C-400B-8F71-6AA16D0C7FDC}.Debug|Any CPU.Build.0 = Debug|Any CPU
		{14490CC6-1B8C-400B-8F71-6AA16D0C7FDC}.Release|Any CPU.ActiveCfg = Release|Any CPU
		{14490CC6-1B8C-400B-8F71-6AA16D0C7FDC}.Release|Any CPU.Build.0 = Release|Any CPU
	EndGlobalSection
	GlobalSection(SolutionProperties) = preSolution
		HideSolutionNode = FALSE
	EndGlobalSection
	GlobalSection(ExtensibilityGlobals) = postSolution
		SolutionGuid = {2BF381DE-413D-4909-9B4F-D4FACD6A7AC1}
	EndGlobalSection
EndGlobal
